lockfileVersion: '9.0'

settings:
  autoInstallPeers: true
  excludeLinksFromLockfile: false

importers:

  .:
    devDependencies:
      '@antfu/install-pkg':
        specifier: ^0.4.1
        version: 0.4.1
      kolorist:
        specifier: ^1.8.0
        version: 1.8.0

packages:

  '@antfu/install-pkg@0.4.1':
    resolution: {integrity: sha512-T7yB5QNG29afhWVkVq7XeIMBa5U/vs9mX69YqayXypPRmYzUmzwnYltplHmPtZ4HPCn+sQKeXW8I47wCbuBOjw==}

  kolorist@1.8.0:
    resolution: {integrity: sha512-Y+60/zizpJ3HRH8DCss+q95yr6145JXZo46OTpFvDZWLfRCE4qChOyk1b26nMaNpfHHgxagk9dXT5OP0Tfe+dQ==}

  package-manager-detector@0.2.4:
    resolution: {integrity: sha512-H/OUu9/zUfP89z1APcBf2X8Us0tt8dUK4lUmKqz12QNXif3DxAs1/YqjGtcutZi1zQqeNQRWr9C+EbQnnvSSFA==}

  tinyexec@0.3.1:
    resolution: {integrity: sha512-WiCJLEECkO18gwqIp6+hJg0//p23HXp4S+gGtAKu3mI2F2/sXC4FvHvXvB0zJVVaTPhx1/tOwdbRsa1sOBIKqQ==}

snapshots:

  '@antfu/install-pkg@0.4.1':
    dependencies:
      package-manager-detector: 0.2.4
      tinyexec: 0.3.1

  kolorist@1.8.0: {}

  package-manager-detector@0.2.4: {}

  tinyexec@0.3.1: {}
